// !$*UTF8*$!
{
	archiveVersion = 1;
	classes = {
	};
	objectVersion = 46;
	objects = {

/* Begin PBXBuildFile section */
		04CEE1DF1FC9615400E8ACAE /* main.m in Sources */ = {isa = PBXBuildFile; fileRef = 04CEE1DE1FC9615400E8ACAE /* main.m */; };
		04CEE1E71FC967DD00E8ACAE /* Person.m in Sources */ = {isa = PBXBuildFile; fileRef = 04CEE1E61FC967DD00E8ACAE /* Person.m */; };
/* End PBXBuildFile section */

/* Begin PBXCopyFilesBuildPhase section */
		04CEE1D91FC9615400E8ACAE /* CopyFiles */ = {
			isa = PBXCopyFilesBuildPhase;
			buildActionMask = 2147483647;
			dstPath = /usr/share/man/man1/;
			dstSubfolderSpec = 0;
			files = (
			);
			runOnlyForDeploymentPostprocessing = 1;
		};
/* End PBXCopyFilesBuildPhase section */

/* Begin PBXFileReference section */
		04CEE1DB1FC9615400E8ACAE /* 28-NSArray */ = {isa = PBXFileReference; explicitFileType = "compiled.mach-o.executable"; includeInIndex = 0; path = "28-NSArray"; sourceTree = BUILT_PRODUCTS_DIR; };
		04CEE1DE1FC9615400E8ACAE /* main.m */ = {isa = PBXFileReference; lastKnownFileType = sourcecode.c.objc; path = main.m; sourceTree = "<group>"; };
		04CEE1E51FC967DD00E8ACAE /* Person.h */ = {isa = PBXFileReference; fileEncoding = 4; lastKnownFileType = sourcecode.c.h; path = Person.h; sourceTree = "<group>"; };
		04CEE1E61FC967DD00E8ACAE /* Person.m */ = {isa = PBXFileReference; fileEncoding = 4; lastKnownFileType = sourcecode.c.objc; path = Person.m; sourceTree = "<group>"; };
/* End PBXFileReference section */

/* Begin PBXFrameworksBuildPhase section */
		04CEE1D81FC9615400E8ACAE /* Frameworks */ = {
			isa = PBXFrameworksBuildPhase;
			buildActionMask = 2147483647;
			files = (
			);
			runOnlyForDeploymentPostprocessing = 0;
		};
/* End PBXFrameworksBuildPhase section */

/* Begin PBXGroup section */
		04CEE1D21FC9615400E8ACAE = {
			isa = PBXGroup;
			children = (
				04CEE1DD1FC9615400E8ACAE /* 28-NSArray */,
				04CEE1DC1FC9615400E8ACAE /* Products */,
			);
			sourceTree = "<group>";
		};
		04CEE1DC1FC9615400E8ACAE /* Products */ = {
			isa = PBXGroup;
			children = (
				04CEE1DB1FC9615400E8ACAE /* 28-NSArray */,
			);
			name = Products;
			sourceTree = "<group>";
		};
		04CEE1DD1FC9615400E8ACAE /* 28-NSArray */ = {
			isa = PBXGroup;
			children = (
				04CEE1DE1FC9615400E8ACAE /* main.m */,
				04CEE1E51FC967DD00E8ACAE /* Person.h */,
				04CEE1E61FC967DD00E8ACAE /* Person.m */,
			);
			path = "28-NSArray";
			sourceTree = "<group>";
		};
/* End PBXGroup section */

/* Begin PBXNativeTarget section */
		04CEE1DA1FC9615400E8ACAE /* 28-NSArray */ = {
			isa = PBXNativeTarget;
			buildConfigurationList = 04CEE1E21FC9615400E8ACAE /* Build configuration list for PBXNativeTarget "28-NSArray" */;
			buildPhases = (
				04CEE1D71FC9615400E8ACAE /* Sources */,
				04CEE1D81FC9615400E8ACAE /* Frameworks */,
				04CEE1D91FC9615400E8ACAE /* CopyFiles */,
			);
			buildRules = (
			);
			dependencies = (
			);
			name = "28-NSArray";
			productName = "28-NSArray";
			productReference = 04CEE1DB1FC9615400E8ACAE /* 28-NSArray */;
			productType = "com.apple.product-type.tool";
		};
/* End PBXNativeTarget section */

/* Begin PBXProject section */
		04CEE1D31FC9615400E8ACAE /* Project object */ = {
			isa = PBXProject;
			attributes = {
				LastUpgradeCheck = 0730;
				ORGANIZATIONNAME = jack;
				TargetAttributes = {
					04CEE1DA1FC9615400E8ACAE = {
						CreatedOnToolsVersion = 7.3.1;
					};
				};
			};
			buildConfigurationList = 04CEE1D61FC9615400E8ACAE /* Build configuration list for PBXProject "28-NSArray" */;
			compatibilityVersion = "Xcode 3.2";
			developmentRegion = English;
			hasScannedForEncodings = 0;
			knownRegions = (
				en,
			);
			mainGroup = 04CEE1D21FC9615400E8ACAE;
			productRefGroup = 04CEE1DC1FC9615400E8ACAE /* Products */;
			projectDirPath = "";
			projectRoot = "";
			targets = (
				04CEE1DA1FC9615400E8ACAE /* 28-NSArray */,
			);
		};
/* End PBXProject section */

/* Begin PBXSourcesBuildPhase section */
		04CEE1D71FC9615400E8ACAE /* Sources */ = {
			isa = PBXSourcesBuildPhase;
			buildActionMask = 2147483647;
			files = (
				04CEE1E71FC967DD00E8ACAE /* Person.m in Sources */,
				04CEE1DF1FC9615400E8ACAE /* main.m in Sources */,
			);
			runOnlyForDeploymentPostprocessing = 0;
		};
/* End PBXSourcesBuildPhase section */

/* Begin XCBuildConfiguration section */
		04CEE1E01FC9615400E8ACAE /* Debug */ = {
			isa = XCBuildConfiguration;
			buildSettings = {
				ALWAYS_SEARCH_USER_PATHS = NO;
				CLANG_ANALYZER_NONNULL = YES;
				CLANG_CXX_LANGUAGE_STANDARD = "gnu++0x";
				CLANG_CXX_LIBRARY = "libc++";
				CLANG_ENABLE_MODULES = YES;
				CLANG_ENABLE_OBJC_ARC = YES;
				CLANG_WARN_BOOL_CONVERSION = YES;
				CLANG_WARN_CONSTANT_CONVERSION = YES;
				CLANG_WARN_DIRECT_OBJC_ISA_USAGE = YES_ERROR;
				CLANG_WARN_EMPTY_BODY = YES;
				CLANG_WARN_ENUM_CONVERSION = YES;
				CLANG_WARN_INT_CONVERSION = YES;
				CLANG_WARN_OBJC_ROOT_CLASS = YES_ERROR;
				CLANG_WARN_UNREACHABLE_CODE = YES;
				CLANG_WARN__DUPLICATE_METHOD_MATCH = YES;
				CODE_SIGN_IDENTITY = "-";
				COPY_PHASE_STRIP = NO;
				DEBUG_INFORMATION_FORMAT = dwarf;
				ENABLE_STRICT_OBJC_MSGSEND = YES;
				ENABLE_TESTABILITY = YES;
				GCC_C_LANGUAGE_STANDARD = gnu99;
				GCC_DYNAMIC_NO_PIC = NO;
				GCC_NO_COMMON_BLOCKS = YES;
				GCC_OPTIMIZATION_LEVEL = 0;
				GCC_PREPROCESSOR_DEFINITIONS = (
					"DEBUG=1",
					"$(inherited)",
				);
				GCC_WARN_64_TO_32_BIT_CONVERSION = YES;
				GCC_WARN_ABOUT_RETURN_TYPE = YES_ERROR;
				GCC_WARN_UNDECLARED_SELECTOR = YES;
				GCC_WARN_UNINITIALIZED_AUTOS = YES_AGGRESSIVE;
				GCC_WARN_UNUSED_FUNCTION = YES;
				GCC_WARN_UNUSED_VARIABLE = YES;
				MACOSX_DEPLOYMENT_TARGET = 10.11;
				MTL_ENABLE_DEBUG_INFO = YES;
				ONLY_ACTIVE_ARCH = YES;
				SDKROOT = macosx;
			};
			name = Debug;
		};
		04CEE1E11FC9615400E8ACAE /* Release */ = {
			isa = XCBuildConfiguration;
			buildSettings = {
				ALWAYS_SEARCH_USER_PATHS = NO;
				CLANG_ANALYZER_NONNULL = YES;
				CLANG_CXX_LANGUAGE_STANDARD = "gnu++0x";
				CLANG_CXX_LIBRARY = "libc++";
				CLANG_ENABLE_MODULES = YES;
				CLANG_ENABLE_OBJC_ARC = YES;
				CLANG_WARN_BOOL_CONVERSION = YES;
				CLANG_WARN_CONSTANT_CONVERSION = YES;
				CLANG_WARN_DIRECT_OBJC_ISA_USAGE = YES_ERROR;
				CLANG_WARN_EMPTY_BODY = YES;
				CLANG_WARN_ENUM_CONVERSION = YES;
				CLANG_WARN_INT_CONVERSION = YES;
				CLANG_WARN_OBJC_ROOT_CLASS = YES_ERROR;
				CLANG_WARN_UNREACHABLE_CODE = YES;
				CLANG_WARN__DUPLICATE_METHOD_MATCH = YES;
				CODE_SIGN_IDENTITY = "-";
				COPY_PHASE_STRIP = NO;
				DEBUG_INFORMATION_FORMAT = "dwarf-with-dsym";
				ENABLE_NS_ASSERTIONS = NO;
				ENABLE_STRICT_OBJC_MSGSEND = YES;
				GCC_C_LANGUAGE_STANDARD = gnu99;
				GCC_NO_COMMON_BLOCKS = YES;
				GCC_WARN_64_TO_32_BIT_CONVERSION = YES;
				GCC_WARN_ABOUT_RETURN_TYPE = YES_ERROR;
				GCC_WARN_UNDECLARED_SELECTOR = YES;
				GCC_WARN_UNINITIALIZED_AUTOS = YES_AGGRESSIVE;
				GCC_WARN_UNUSED_FUNCTION = YES;
				GCC_WARN_UNUSED_VARIABLE = YES;
				MACOSX_DEPLOYMENT_TARGET = 10.11;
				MTL_ENABLE_DEBUG_INFO = NO;
				SDKROOT = macosx;
			};
			name = Release;
		};
		04CEE1E31FC9615400E8ACAE /* Debug */ = {
			isa = XCBuildConfiguration;
			buildSettings = {
				PRODUCT_NAME = "$(TARGET_NAME)";
			};
			name = Debug;
		};
		04CEE1E41FC9615400E8ACAE /* Release */ = {
			isa = XCBuildConfiguration;
			buildSettings = {
				PRODUCT_NAME = "$(TARGET_NAME)";
			};
			name = Release;
		};
/* End XCBuildConfiguration section */

/* Begin XCConfigurationList section */
		04CEE1D61FC9615400E8ACAE /* Build configuration list for PBXProject "28-NSArray" */ = {
			isa = XCConfigurationList;
			buildConfigurations = (
				04CEE1E01FC9615400E8ACAE /* Debug */,
				04CEE1E11FC9615400E8ACAE /* Release */,
			);
			defaultConfigurationIsVisible = 0;
			defaultConfigurationName = Release;
		};
		04CEE1E21FC9615400E8ACAE /* Build configuration list for PBXNativeTarget "28-NSArray" */ = {
			isa = XCConfigurationList;
			buildConfigurations = (
				04CEE1E31FC9615400E8ACAE /* Debug */,
				04CEE1E41FC9615400E8ACAE /* Release */,
			);
			defaultConfigurationIsVisible = 0;
		};
/* End XCConfigurationList section */
	};
	rootObject = 04CEE1D31FC9615400E8ACAE /* Project object */;
}
