// !$*UTF8*$!
{
	archiveVersion = 1;
	classes = {
	};
	objectVersion = 46;
	objects = {

/* Begin PBXBuildFile section */
		045446E81FC5311D007568BE /* main.m in Sources */ = {isa = PBXBuildFile; fileRef = 045446E71FC5311D007568BE /* main.m */; };
		045446F01FC5312A007568BE /* Body.m in Sources */ = {isa = PBXBuildFile; fileRef = 045446EF1FC5312A007568BE /* Body.m */; };
		045446F31FC53617007568BE /* Nanny.m in Sources */ = {isa = PBXBuildFile; fileRef = 045446F21FC53617007568BE /* Nanny.m */; };
		045446F61FC539A2007568BE /* Student.m in Sources */ = {isa = PBXBuildFile; fileRef = 045446F51FC539A2007568BE /* Student.m */; };
		045446FA1FC53C3A007568BE /* Teacher.m in Sources */ = {isa = PBXBuildFile; fileRef = 045446F91FC53C3A007568BE /* Teacher.m */; };
/* End PBXBuildFile section */

/* Begin PBXCopyFilesBuildPhase section */
		045446E21FC5311D007568BE /* CopyFiles */ = {
			isa = PBXCopyFilesBuildPhase;
			buildActionMask = 2147483647;
			dstPath = /usr/share/man/man1/;
			dstSubfolderSpec = 0;
			files = (
			);
			runOnlyForDeploymentPostprocessing = 1;
		};
/* End PBXCopyFilesBuildPhase section */

/* Begin PBXFileReference section */
		045446E41FC5311D007568BE /* 26-AgentPattern */ = {isa = PBXFileReference; explicitFileType = "compiled.mach-o.executable"; includeInIndex = 0; path = "26-AgentPattern"; sourceTree = BUILT_PRODUCTS_DIR; };
		045446E71FC5311D007568BE /* main.m */ = {isa = PBXFileReference; lastKnownFileType = sourcecode.c.objc; path = main.m; sourceTree = "<group>"; };
		045446EE1FC5312A007568BE /* Body.h */ = {isa = PBXFileReference; fileEncoding = 4; lastKnownFileType = sourcecode.c.h; name = Body.h; path = ../Body.h; sourceTree = "<group>"; };
		045446EF1FC5312A007568BE /* Body.m */ = {isa = PBXFileReference; fileEncoding = 4; lastKnownFileType = sourcecode.c.objc; name = Body.m; path = ../Body.m; sourceTree = "<group>"; };
		045446F11FC53617007568BE /* Nanny.h */ = {isa = PBXFileReference; fileEncoding = 4; lastKnownFileType = sourcecode.c.h; path = Nanny.h; sourceTree = "<group>"; };
		045446F21FC53617007568BE /* Nanny.m */ = {isa = PBXFileReference; fileEncoding = 4; lastKnownFileType = sourcecode.c.objc; path = Nanny.m; sourceTree = "<group>"; };
		045446F41FC539A2007568BE /* Student.h */ = {isa = PBXFileReference; fileEncoding = 4; lastKnownFileType = sourcecode.c.h; path = Student.h; sourceTree = "<group>"; };
		045446F51FC539A2007568BE /* Student.m */ = {isa = PBXFileReference; fileEncoding = 4; lastKnownFileType = sourcecode.c.objc; path = Student.m; sourceTree = "<group>"; };
		045446F71FC53B7E007568BE /* BodyProtocol.h */ = {isa = PBXFileReference; fileEncoding = 4; lastKnownFileType = sourcecode.c.h; path = BodyProtocol.h; sourceTree = "<group>"; };
		045446F81FC53C3A007568BE /* Teacher.h */ = {isa = PBXFileReference; fileEncoding = 4; lastKnownFileType = sourcecode.c.h; path = Teacher.h; sourceTree = "<group>"; };
		045446F91FC53C3A007568BE /* Teacher.m */ = {isa = PBXFileReference; fileEncoding = 4; lastKnownFileType = sourcecode.c.objc; path = Teacher.m; sourceTree = "<group>"; };
/* End PBXFileReference section */

/* Begin PBXFrameworksBuildPhase section */
		045446E11FC5311D007568BE /* Frameworks */ = {
			isa = PBXFrameworksBuildPhase;
			buildActionMask = 2147483647;
			files = (
			);
			runOnlyForDeploymentPostprocessing = 0;
		};
/* End PBXFrameworksBuildPhase section */

/* Begin PBXGroup section */
		045446DB1FC5311D007568BE = {
			isa = PBXGroup;
			children = (
				045446E61FC5311D007568BE /* 26-AgentPattern */,
				045446E51FC5311D007568BE /* Products */,
			);
			sourceTree = "<group>";
		};
		045446E51FC5311D007568BE /* Products */ = {
			isa = PBXGroup;
			children = (
				045446E41FC5311D007568BE /* 26-AgentPattern */,
			);
			name = Products;
			sourceTree = "<group>";
		};
		045446E61FC5311D007568BE /* 26-AgentPattern */ = {
			isa = PBXGroup;
			children = (
				045446E71FC5311D007568BE /* main.m */,
				045446F81FC53C3A007568BE /* Teacher.h */,
				045446F91FC53C3A007568BE /* Teacher.m */,
				045446F71FC53B7E007568BE /* BodyProtocol.h */,
				045446F11FC53617007568BE /* Nanny.h */,
				045446F21FC53617007568BE /* Nanny.m */,
				045446EE1FC5312A007568BE /* Body.h */,
				045446EF1FC5312A007568BE /* Body.m */,
				045446F41FC539A2007568BE /* Student.h */,
				045446F51FC539A2007568BE /* Student.m */,
			);
			path = "26-AgentPattern";
			sourceTree = "<group>";
		};
/* End PBXGroup section */

/* Begin PBXNativeTarget section */
		045446E31FC5311D007568BE /* 26-AgentPattern */ = {
			isa = PBXNativeTarget;
			buildConfigurationList = 045446EB1FC5311D007568BE /* Build configuration list for PBXNativeTarget "26-AgentPattern" */;
			buildPhases = (
				045446E01FC5311D007568BE /* Sources */,
				045446E11FC5311D007568BE /* Frameworks */,
				045446E21FC5311D007568BE /* CopyFiles */,
			);
			buildRules = (
			);
			dependencies = (
			);
			name = "26-AgentPattern";
			productName = "26-AgentPattern";
			productReference = 045446E41FC5311D007568BE /* 26-AgentPattern */;
			productType = "com.apple.product-type.tool";
		};
/* End PBXNativeTarget section */

/* Begin PBXProject section */
		045446DC1FC5311D007568BE /* Project object */ = {
			isa = PBXProject;
			attributes = {
				LastUpgradeCheck = 0730;
				ORGANIZATIONNAME = jack;
				TargetAttributes = {
					045446E31FC5311D007568BE = {
						CreatedOnToolsVersion = 7.3.1;
					};
				};
			};
			buildConfigurationList = 045446DF1FC5311D007568BE /* Build configuration list for PBXProject "26-AgentPattern" */;
			compatibilityVersion = "Xcode 3.2";
			developmentRegion = English;
			hasScannedForEncodings = 0;
			knownRegions = (
				en,
			);
			mainGroup = 045446DB1FC5311D007568BE;
			productRefGroup = 045446E51FC5311D007568BE /* Products */;
			projectDirPath = "";
			projectRoot = "";
			targets = (
				045446E31FC5311D007568BE /* 26-AgentPattern */,
			);
		};
/* End PBXProject section */

/* Begin PBXSourcesBuildPhase section */
		045446E01FC5311D007568BE /* Sources */ = {
			isa = PBXSourcesBuildPhase;
			buildActionMask = 2147483647;
			files = (
				045446F31FC53617007568BE /* Nanny.m in Sources */,
				045446E81FC5311D007568BE /* main.m in Sources */,
				045446F01FC5312A007568BE /* Body.m in Sources */,
				045446FA1FC53C3A007568BE /* Teacher.m in Sources */,
				045446F61FC539A2007568BE /* Student.m in Sources */,
			);
			runOnlyForDeploymentPostprocessing = 0;
		};
/* End PBXSourcesBuildPhase section */

/* Begin XCBuildConfiguration section */
		045446E91FC5311D007568BE /* Debug */ = {
			isa = XCBuildConfiguration;
			buildSettings = {
				ALWAYS_SEARCH_USER_PATHS = NO;
				CLANG_ANALYZER_NONNULL = YES;
				CLANG_CXX_LANGUAGE_STANDARD = "gnu++0x";
				CLANG_CXX_LIBRARY = "libc++";
				CLANG_ENABLE_MODULES = YES;
				CLANG_ENABLE_OBJC_ARC = YES;
				CLANG_WARN_BOOL_CONVERSION = YES;
				CLANG_WARN_CONSTANT_CONVERSION = YES;
				CLANG_WARN_DIRECT_OBJC_ISA_USAGE = YES_ERROR;
				CLANG_WARN_EMPTY_BODY = YES;
				CLANG_WARN_ENUM_CONVERSION = YES;
				CLANG_WARN_INT_CONVERSION = YES;
				CLANG_WARN_OBJC_ROOT_CLASS = YES_ERROR;
				CLANG_WARN_UNREACHABLE_CODE = YES;
				CLANG_WARN__DUPLICATE_METHOD_MATCH = YES;
				CODE_SIGN_IDENTITY = "-";
				COPY_PHASE_STRIP = NO;
				DEBUG_INFORMATION_FORMAT = dwarf;
				ENABLE_STRICT_OBJC_MSGSEND = YES;
				ENABLE_TESTABILITY = YES;
				GCC_C_LANGUAGE_STANDARD = gnu99;
				GCC_DYNAMIC_NO_PIC = NO;
				GCC_NO_COMMON_BLOCKS = YES;
				GCC_OPTIMIZATION_LEVEL = 0;
				GCC_PREPROCESSOR_DEFINITIONS = (
					"DEBUG=1",
					"$(inherited)",
				);
				GCC_WARN_64_TO_32_BIT_CONVERSION = YES;
				GCC_WARN_ABOUT_RETURN_TYPE = YES_ERROR;
				GCC_WARN_UNDECLARED_SELECTOR = YES;
				GCC_WARN_UNINITIALIZED_AUTOS = YES_AGGRESSIVE;
				GCC_WARN_UNUSED_FUNCTION = YES;
				GCC_WARN_UNUSED_VARIABLE = YES;
				MACOSX_DEPLOYMENT_TARGET = 10.11;
				MTL_ENABLE_DEBUG_INFO = YES;
				ONLY_ACTIVE_ARCH = YES;
				SDKROOT = macosx;
			};
			name = Debug;
		};
		045446EA1FC5311D007568BE /* Release */ = {
			isa = XCBuildConfiguration;
			buildSettings = {
				ALWAYS_SEARCH_USER_PATHS = NO;
				CLANG_ANALYZER_NONNULL = YES;
				CLANG_CXX_LANGUAGE_STANDARD = "gnu++0x";
				CLANG_CXX_LIBRARY = "libc++";
				CLANG_ENABLE_MODULES = YES;
				CLANG_ENABLE_OBJC_ARC = YES;
				CLANG_WARN_BOOL_CONVERSION = YES;
				CLANG_WARN_CONSTANT_CONVERSION = YES;
				CLANG_WARN_DIRECT_OBJC_ISA_USAGE = YES_ERROR;
				CLANG_WARN_EMPTY_BODY = YES;
				CLANG_WARN_ENUM_CONVERSION = YES;
				CLANG_WARN_INT_CONVERSION = YES;
				CLANG_WARN_OBJC_ROOT_CLASS = YES_ERROR;
				CLANG_WARN_UNREACHABLE_CODE = YES;
				CLANG_WARN__DUPLICATE_METHOD_MATCH = YES;
				CODE_SIGN_IDENTITY = "-";
				COPY_PHASE_STRIP = NO;
				DEBUG_INFORMATION_FORMAT = "dwarf-with-dsym";
				ENABLE_NS_ASSERTIONS = NO;
				ENABLE_STRICT_OBJC_MSGSEND = YES;
				GCC_C_LANGUAGE_STANDARD = gnu99;
				GCC_NO_COMMON_BLOCKS = YES;
				GCC_WARN_64_TO_32_BIT_CONVERSION = YES;
				GCC_WARN_ABOUT_RETURN_TYPE = YES_ERROR;
				GCC_WARN_UNDECLARED_SELECTOR = YES;
				GCC_WARN_UNINITIALIZED_AUTOS = YES_AGGRESSIVE;
				GCC_WARN_UNUSED_FUNCTION = YES;
				GCC_WARN_UNUSED_VARIABLE = YES;
				MACOSX_DEPLOYMENT_TARGET = 10.11;
				MTL_ENABLE_DEBUG_INFO = NO;
				SDKROOT = macosx;
			};
			name = Release;
		};
		045446EC1FC5311D007568BE /* Debug */ = {
			isa = XCBuildConfiguration;
			buildSettings = {
				PRODUCT_NAME = "$(TARGET_NAME)";
			};
			name = Debug;
		};
		045446ED1FC5311D007568BE /* Release */ = {
			isa = XCBuildConfiguration;
			buildSettings = {
				PRODUCT_NAME = "$(TARGET_NAME)";
			};
			name = Release;
		};
/* End XCBuildConfiguration section */

/* Begin XCConfigurationList section */
		045446DF1FC5311D007568BE /* Build configuration list for PBXProject "26-AgentPattern" */ = {
			isa = XCConfigurationList;
			buildConfigurations = (
				045446E91FC5311D007568BE /* Debug */,
				045446EA1FC5311D007568BE /* Release */,
			);
			defaultConfigurationIsVisible = 0;
			defaultConfigurationName = Release;
		};
		045446EB1FC5311D007568BE /* Build configuration list for PBXNativeTarget "26-AgentPattern" */ = {
			isa = XCConfigurationList;
			buildConfigurations = (
				045446EC1FC5311D007568BE /* Debug */,
				045446ED1FC5311D007568BE /* Release */,
			);
			defaultConfigurationIsVisible = 0;
		};
/* End XCConfigurationList section */
	};
	rootObject = 045446DC1FC5311D007568BE /* Project object */;
}
