// !$*UTF8*$!
{
	archiveVersion = 1;
	classes = {
	};
	objectVersion = 46;
	objects = {

/* Begin PBXBuildFile section */
		0469B9101FBD7D3D00FF355D /* main.m in Sources */ = {isa = PBXBuildFile; fileRef = 0469B90F1FBD7D3D00FF355D /* main.m */; };
		0469B9181FBD7D6100FF355D /* FKBase.m in Sources */ = {isa = PBXBuildFile; fileRef = 0469B9171FBD7D6100FF355D /* FKBase.m */; };
		0469B91B1FBD7D8000FF355D /* FKSub.m in Sources */ = {isa = PBXBuildFile; fileRef = 0469B91A1FBD7D8000FF355D /* FKSub.m */; };
		0469B91E1FBD82C900FF355D /* Dog.m in Sources */ = {isa = PBXBuildFile; fileRef = 0469B91D1FBD82C900FF355D /* Dog.m */; };
		0469B9221FBD82EF00FF355D /* Cat.m in Sources */ = {isa = PBXBuildFile; fileRef = 0469B9211FBD82EF00FF355D /* Cat.m */; };
		0469B9251FBD842700FF355D /* Animal.m in Sources */ = {isa = PBXBuildFile; fileRef = 0469B9241FBD842700FF355D /* Animal.m */; };
		0469B9281FBD8A1600FF355D /* Person.m in Sources */ = {isa = PBXBuildFile; fileRef = 0469B9271FBD8A1600FF355D /* Person.m */; };
/* End PBXBuildFile section */

/* Begin PBXCopyFilesBuildPhase section */
		0469B90A1FBD7D3D00FF355D /* CopyFiles */ = {
			isa = PBXCopyFilesBuildPhase;
			buildActionMask = 2147483647;
			dstPath = /usr/share/man/man1/;
			dstSubfolderSpec = 0;
			files = (
			);
			runOnlyForDeploymentPostprocessing = 1;
		};
/* End PBXCopyFilesBuildPhase section */

/* Begin PBXFileReference section */
		0469B90C1FBD7D3D00FF355D /* 05-Polymorphic */ = {isa = PBXFileReference; explicitFileType = "compiled.mach-o.executable"; includeInIndex = 0; path = "05-Polymorphic"; sourceTree = BUILT_PRODUCTS_DIR; };
		0469B90F1FBD7D3D00FF355D /* main.m */ = {isa = PBXFileReference; lastKnownFileType = sourcecode.c.objc; path = main.m; sourceTree = "<group>"; };
		0469B9161FBD7D5100FF355D /* FKBase.h */ = {isa = PBXFileReference; lastKnownFileType = sourcecode.c.h; path = FKBase.h; sourceTree = "<group>"; };
		0469B9171FBD7D6100FF355D /* FKBase.m */ = {isa = PBXFileReference; fileEncoding = 4; lastKnownFileType = sourcecode.c.objc; path = FKBase.m; sourceTree = "<group>"; };
		0469B9191FBD7D7100FF355D /* FKSub.h */ = {isa = PBXFileReference; lastKnownFileType = sourcecode.c.h; path = FKSub.h; sourceTree = "<group>"; };
		0469B91A1FBD7D8000FF355D /* FKSub.m */ = {isa = PBXFileReference; fileEncoding = 4; lastKnownFileType = sourcecode.c.objc; path = FKSub.m; sourceTree = "<group>"; };
		0469B91C1FBD82BD00FF355D /* Dog.h */ = {isa = PBXFileReference; lastKnownFileType = sourcecode.c.h; path = Dog.h; sourceTree = "<group>"; };
		0469B91D1FBD82C900FF355D /* Dog.m */ = {isa = PBXFileReference; fileEncoding = 4; lastKnownFileType = sourcecode.c.objc; path = Dog.m; sourceTree = "<group>"; };
		0469B91F1FBD82D500FF355D /* Cat.h */ = {isa = PBXFileReference; lastKnownFileType = sourcecode.c.h; path = Cat.h; sourceTree = "<group>"; };
		0469B9211FBD82EF00FF355D /* Cat.m */ = {isa = PBXFileReference; fileEncoding = 4; lastKnownFileType = sourcecode.c.objc; path = Cat.m; sourceTree = "<group>"; };
		0469B9231FBD841C00FF355D /* Animal.h */ = {isa = PBXFileReference; lastKnownFileType = sourcecode.c.h; path = Animal.h; sourceTree = "<group>"; };
		0469B9241FBD842700FF355D /* Animal.m */ = {isa = PBXFileReference; fileEncoding = 4; lastKnownFileType = sourcecode.c.objc; path = Animal.m; sourceTree = "<group>"; };
		0469B9261FBD8A0D00FF355D /* Person.h */ = {isa = PBXFileReference; lastKnownFileType = sourcecode.c.h; path = Person.h; sourceTree = "<group>"; };
		0469B9271FBD8A1600FF355D /* Person.m */ = {isa = PBXFileReference; fileEncoding = 4; lastKnownFileType = sourcecode.c.objc; path = Person.m; sourceTree = "<group>"; };
/* End PBXFileReference section */

/* Begin PBXFrameworksBuildPhase section */
		0469B9091FBD7D3D00FF355D /* Frameworks */ = {
			isa = PBXFrameworksBuildPhase;
			buildActionMask = 2147483647;
			files = (
			);
			runOnlyForDeploymentPostprocessing = 0;
		};
/* End PBXFrameworksBuildPhase section */

/* Begin PBXGroup section */
		0469B9031FBD7D3D00FF355D = {
			isa = PBXGroup;
			children = (
				0469B90E1FBD7D3D00FF355D /* 05-Polymorphic */,
				0469B90D1FBD7D3D00FF355D /* Products */,
			);
			sourceTree = "<group>";
		};
		0469B90D1FBD7D3D00FF355D /* Products */ = {
			isa = PBXGroup;
			children = (
				0469B90C1FBD7D3D00FF355D /* 05-Polymorphic */,
			);
			name = Products;
			sourceTree = "<group>";
		};
		0469B90E1FBD7D3D00FF355D /* 05-Polymorphic */ = {
			isa = PBXGroup;
			children = (
				0469B90F1FBD7D3D00FF355D /* main.m */,
				0469B9161FBD7D5100FF355D /* FKBase.h */,
				0469B9171FBD7D6100FF355D /* FKBase.m */,
				0469B9191FBD7D7100FF355D /* FKSub.h */,
				0469B91A1FBD7D8000FF355D /* FKSub.m */,
				0469B91C1FBD82BD00FF355D /* Dog.h */,
				0469B91D1FBD82C900FF355D /* Dog.m */,
				0469B91F1FBD82D500FF355D /* Cat.h */,
				0469B9211FBD82EF00FF355D /* Cat.m */,
				0469B9231FBD841C00FF355D /* Animal.h */,
				0469B9241FBD842700FF355D /* Animal.m */,
				0469B9261FBD8A0D00FF355D /* Person.h */,
				0469B9271FBD8A1600FF355D /* Person.m */,
			);
			path = "05-Polymorphic";
			sourceTree = "<group>";
		};
/* End PBXGroup section */

/* Begin PBXNativeTarget section */
		0469B90B1FBD7D3D00FF355D /* 05-Polymorphic */ = {
			isa = PBXNativeTarget;
			buildConfigurationList = 0469B9131FBD7D3D00FF355D /* Build configuration list for PBXNativeTarget "05-Polymorphic" */;
			buildPhases = (
				0469B9081FBD7D3D00FF355D /* Sources */,
				0469B9091FBD7D3D00FF355D /* Frameworks */,
				0469B90A1FBD7D3D00FF355D /* CopyFiles */,
			);
			buildRules = (
			);
			dependencies = (
			);
			name = "05-Polymorphic";
			productName = "05-Polymorphic";
			productReference = 0469B90C1FBD7D3D00FF355D /* 05-Polymorphic */;
			productType = "com.apple.product-type.tool";
		};
/* End PBXNativeTarget section */

/* Begin PBXProject section */
		0469B9041FBD7D3D00FF355D /* Project object */ = {
			isa = PBXProject;
			attributes = {
				LastUpgradeCheck = 0730;
				ORGANIZATIONNAME = jack;
				TargetAttributes = {
					0469B90B1FBD7D3D00FF355D = {
						CreatedOnToolsVersion = 7.3.1;
					};
				};
			};
			buildConfigurationList = 0469B9071FBD7D3D00FF355D /* Build configuration list for PBXProject "05-Polymorphic" */;
			compatibilityVersion = "Xcode 3.2";
			developmentRegion = English;
			hasScannedForEncodings = 0;
			knownRegions = (
				en,
			);
			mainGroup = 0469B9031FBD7D3D00FF355D;
			productRefGroup = 0469B90D1FBD7D3D00FF355D /* Products */;
			projectDirPath = "";
			projectRoot = "";
			targets = (
				0469B90B1FBD7D3D00FF355D /* 05-Polymorphic */,
			);
		};
/* End PBXProject section */

/* Begin PBXSourcesBuildPhase section */
		0469B9081FBD7D3D00FF355D /* Sources */ = {
			isa = PBXSourcesBuildPhase;
			buildActionMask = 2147483647;
			files = (
				0469B91B1FBD7D8000FF355D /* FKSub.m in Sources */,
				0469B9101FBD7D3D00FF355D /* main.m in Sources */,
				0469B9281FBD8A1600FF355D /* Person.m in Sources */,
				0469B91E1FBD82C900FF355D /* Dog.m in Sources */,
				0469B9251FBD842700FF355D /* Animal.m in Sources */,
				0469B9181FBD7D6100FF355D /* FKBase.m in Sources */,
				0469B9221FBD82EF00FF355D /* Cat.m in Sources */,
			);
			runOnlyForDeploymentPostprocessing = 0;
		};
/* End PBXSourcesBuildPhase section */

/* Begin XCBuildConfiguration section */
		0469B9111FBD7D3D00FF355D /* Debug */ = {
			isa = XCBuildConfiguration;
			buildSettings = {
				ALWAYS_SEARCH_USER_PATHS = NO;
				CLANG_ANALYZER_NONNULL = YES;
				CLANG_CXX_LANGUAGE_STANDARD = "gnu++0x";
				CLANG_CXX_LIBRARY = "libc++";
				CLANG_ENABLE_MODULES = YES;
				CLANG_ENABLE_OBJC_ARC = YES;
				CLANG_WARN_BOOL_CONVERSION = YES;
				CLANG_WARN_CONSTANT_CONVERSION = YES;
				CLANG_WARN_DIRECT_OBJC_ISA_USAGE = YES_ERROR;
				CLANG_WARN_EMPTY_BODY = YES;
				CLANG_WARN_ENUM_CONVERSION = YES;
				CLANG_WARN_INT_CONVERSION = YES;
				CLANG_WARN_OBJC_ROOT_CLASS = YES_ERROR;
				CLANG_WARN_UNREACHABLE_CODE = YES;
				CLANG_WARN__DUPLICATE_METHOD_MATCH = YES;
				CODE_SIGN_IDENTITY = "-";
				COPY_PHASE_STRIP = NO;
				DEBUG_INFORMATION_FORMAT = dwarf;
				ENABLE_STRICT_OBJC_MSGSEND = YES;
				ENABLE_TESTABILITY = YES;
				GCC_C_LANGUAGE_STANDARD = gnu99;
				GCC_DYNAMIC_NO_PIC = NO;
				GCC_NO_COMMON_BLOCKS = YES;
				GCC_OPTIMIZATION_LEVEL = 0;
				GCC_PREPROCESSOR_DEFINITIONS = (
					"DEBUG=1",
					"$(inherited)",
				);
				GCC_WARN_64_TO_32_BIT_CONVERSION = YES;
				GCC_WARN_ABOUT_RETURN_TYPE = YES_ERROR;
				GCC_WARN_UNDECLARED_SELECTOR = YES;
				GCC_WARN_UNINITIALIZED_AUTOS = YES_AGGRESSIVE;
				GCC_WARN_UNUSED_FUNCTION = YES;
				GCC_WARN_UNUSED_VARIABLE = YES;
				MACOSX_DEPLOYMENT_TARGET = 10.11;
				MTL_ENABLE_DEBUG_INFO = YES;
				ONLY_ACTIVE_ARCH = YES;
				SDKROOT = macosx;
			};
			name = Debug;
		};
		0469B9121FBD7D3D00FF355D /* Release */ = {
			isa = XCBuildConfiguration;
			buildSettings = {
				ALWAYS_SEARCH_USER_PATHS = NO;
				CLANG_ANALYZER_NONNULL = YES;
				CLANG_CXX_LANGUAGE_STANDARD = "gnu++0x";
				CLANG_CXX_LIBRARY = "libc++";
				CLANG_ENABLE_MODULES = YES;
				CLANG_ENABLE_OBJC_ARC = YES;
				CLANG_WARN_BOOL_CONVERSION = YES;
				CLANG_WARN_CONSTANT_CONVERSION = YES;
				CLANG_WARN_DIRECT_OBJC_ISA_USAGE = YES_ERROR;
				CLANG_WARN_EMPTY_BODY = YES;
				CLANG_WARN_ENUM_CONVERSION = YES;
				CLANG_WARN_INT_CONVERSION = YES;
				CLANG_WARN_OBJC_ROOT_CLASS = YES_ERROR;
				CLANG_WARN_UNREACHABLE_CODE = YES;
				CLANG_WARN__DUPLICATE_METHOD_MATCH = YES;
				CODE_SIGN_IDENTITY = "-";
				COPY_PHASE_STRIP = NO;
				DEBUG_INFORMATION_FORMAT = "dwarf-with-dsym";
				ENABLE_NS_ASSERTIONS = NO;
				ENABLE_STRICT_OBJC_MSGSEND = YES;
				GCC_C_LANGUAGE_STANDARD = gnu99;
				GCC_NO_COMMON_BLOCKS = YES;
				GCC_WARN_64_TO_32_BIT_CONVERSION = YES;
				GCC_WARN_ABOUT_RETURN_TYPE = YES_ERROR;
				GCC_WARN_UNDECLARED_SELECTOR = YES;
				GCC_WARN_UNINITIALIZED_AUTOS = YES_AGGRESSIVE;
				GCC_WARN_UNUSED_FUNCTION = YES;
				GCC_WARN_UNUSED_VARIABLE = YES;
				MACOSX_DEPLOYMENT_TARGET = 10.11;
				MTL_ENABLE_DEBUG_INFO = NO;
				SDKROOT = macosx;
			};
			name = Release;
		};
		0469B9141FBD7D3D00FF355D /* Debug */ = {
			isa = XCBuildConfiguration;
			buildSettings = {
				PRODUCT_NAME = "$(TARGET_NAME)";
			};
			name = Debug;
		};
		0469B9151FBD7D3D00FF355D /* Release */ = {
			isa = XCBuildConfiguration;
			buildSettings = {
				PRODUCT_NAME = "$(TARGET_NAME)";
			};
			name = Release;
		};
/* End XCBuildConfiguration section */

/* Begin XCConfigurationList section */
		0469B9071FBD7D3D00FF355D /* Build configuration list for PBXProject "05-Polymorphic" */ = {
			isa = XCConfigurationList;
			buildConfigurations = (
				0469B9111FBD7D3D00FF355D /* Debug */,
				0469B9121FBD7D3D00FF355D /* Release */,
			);
			defaultConfigurationIsVisible = 0;
			defaultConfigurationName = Release;
		};
		0469B9131FBD7D3D00FF355D /* Build configuration list for PBXNativeTarget "05-Polymorphic" */ = {
			isa = XCConfigurationList;
			buildConfigurations = (
				0469B9141FBD7D3D00FF355D /* Debug */,
				0469B9151FBD7D3D00FF355D /* Release */,
			);
			defaultConfigurationIsVisible = 0;
		};
/* End XCConfigurationList section */
	};
	rootObject = 0469B9041FBD7D3D00FF355D /* Project object */;
}
