// !$*UTF8*$!
{
	archiveVersion = 1;
	classes = {
	};
	objectVersion = 46;
	objects = {

/* Begin PBXBuildFile section */
		0469B9601FBDAFC900FF355D /* Person.m in Sources */ = {isa = PBXBuildFile; fileRef = 0469B95F1FBDAFC900FF355D /* Person.m */; };
		04E7AE1D1FBD71C50035A44A /* main.m in Sources */ = {isa = PBXBuildFile; fileRef = 04E7AE1C1FBD71C50035A44A /* main.m */; };
/* End PBXBuildFile section */

/* Begin PBXCopyFilesBuildPhase section */
		04E7AE171FBD71C50035A44A /* CopyFiles */ = {
			isa = PBXCopyFilesBuildPhase;
			buildActionMask = 2147483647;
			dstPath = /usr/share/man/man1/;
			dstSubfolderSpec = 0;
			files = (
			);
			runOnlyForDeploymentPostprocessing = 1;
		};
/* End PBXCopyFilesBuildPhase section */

/* Begin PBXFileReference section */
		0469B95E1FBDAFC900FF355D /* Person.h */ = {isa = PBXFileReference; fileEncoding = 4; lastKnownFileType = sourcecode.c.h; path = Person.h; sourceTree = "<group>"; };
		0469B95F1FBDAFC900FF355D /* Person.m */ = {isa = PBXFileReference; fileEncoding = 4; lastKnownFileType = sourcecode.c.objc; path = Person.m; sourceTree = "<group>"; };
		04E7AE191FBD71C50035A44A /* 04-DynamicInvoke */ = {isa = PBXFileReference; explicitFileType = "compiled.mach-o.executable"; includeInIndex = 0; path = "04-DynamicInvoke"; sourceTree = BUILT_PRODUCTS_DIR; };
		04E7AE1C1FBD71C50035A44A /* main.m */ = {isa = PBXFileReference; lastKnownFileType = sourcecode.c.objc; path = main.m; sourceTree = "<group>"; };
/* End PBXFileReference section */

/* Begin PBXFrameworksBuildPhase section */
		04E7AE161FBD71C50035A44A /* Frameworks */ = {
			isa = PBXFrameworksBuildPhase;
			buildActionMask = 2147483647;
			files = (
			);
			runOnlyForDeploymentPostprocessing = 0;
		};
/* End PBXFrameworksBuildPhase section */

/* Begin PBXGroup section */
		04E7AE101FBD71C50035A44A = {
			isa = PBXGroup;
			children = (
				04E7AE1B1FBD71C50035A44A /* 04-DynamicInvoke */,
				04E7AE1A1FBD71C50035A44A /* Products */,
			);
			sourceTree = "<group>";
		};
		04E7AE1A1FBD71C50035A44A /* Products */ = {
			isa = PBXGroup;
			children = (
				04E7AE191FBD71C50035A44A /* 04-DynamicInvoke */,
			);
			name = Products;
			sourceTree = "<group>";
		};
		04E7AE1B1FBD71C50035A44A /* 04-DynamicInvoke */ = {
			isa = PBXGroup;
			children = (
				04E7AE1C1FBD71C50035A44A /* main.m */,
				0469B95E1FBDAFC900FF355D /* Person.h */,
				0469B95F1FBDAFC900FF355D /* Person.m */,
			);
			path = "04-DynamicInvoke";
			sourceTree = "<group>";
		};
/* End PBXGroup section */

/* Begin PBXNativeTarget section */
		04E7AE181FBD71C50035A44A /* 04-DynamicInvoke */ = {
			isa = PBXNativeTarget;
			buildConfigurationList = 04E7AE201FBD71C50035A44A /* Build configuration list for PBXNativeTarget "04-DynamicInvoke" */;
			buildPhases = (
				04E7AE151FBD71C50035A44A /* Sources */,
				04E7AE161FBD71C50035A44A /* Frameworks */,
				04E7AE171FBD71C50035A44A /* CopyFiles */,
			);
			buildRules = (
			);
			dependencies = (
			);
			name = "04-DynamicInvoke";
			productName = "04-DynamicInvoke";
			productReference = 04E7AE191FBD71C50035A44A /* 04-DynamicInvoke */;
			productType = "com.apple.product-type.tool";
		};
/* End PBXNativeTarget section */

/* Begin PBXProject section */
		04E7AE111FBD71C50035A44A /* Project object */ = {
			isa = PBXProject;
			attributes = {
				LastUpgradeCheck = 0730;
				ORGANIZATIONNAME = jack;
				TargetAttributes = {
					04E7AE181FBD71C50035A44A = {
						CreatedOnToolsVersion = 7.3.1;
					};
				};
			};
			buildConfigurationList = 04E7AE141FBD71C50035A44A /* Build configuration list for PBXProject "04-DynamicInvoke" */;
			compatibilityVersion = "Xcode 3.2";
			developmentRegion = English;
			hasScannedForEncodings = 0;
			knownRegions = (
				en,
			);
			mainGroup = 04E7AE101FBD71C50035A44A;
			productRefGroup = 04E7AE1A1FBD71C50035A44A /* Products */;
			projectDirPath = "";
			projectRoot = "";
			targets = (
				04E7AE181FBD71C50035A44A /* 04-DynamicInvoke */,
			);
		};
/* End PBXProject section */

/* Begin PBXSourcesBuildPhase section */
		04E7AE151FBD71C50035A44A /* Sources */ = {
			isa = PBXSourcesBuildPhase;
			buildActionMask = 2147483647;
			files = (
				0469B9601FBDAFC900FF355D /* Person.m in Sources */,
				04E7AE1D1FBD71C50035A44A /* main.m in Sources */,
			);
			runOnlyForDeploymentPostprocessing = 0;
		};
/* End PBXSourcesBuildPhase section */

/* Begin XCBuildConfiguration section */
		04E7AE1E1FBD71C50035A44A /* Debug */ = {
			isa = XCBuildConfiguration;
			buildSettings = {
				ALWAYS_SEARCH_USER_PATHS = NO;
				CLANG_ANALYZER_NONNULL = YES;
				CLANG_CXX_LANGUAGE_STANDARD = "gnu++0x";
				CLANG_CXX_LIBRARY = "libc++";
				CLANG_ENABLE_MODULES = YES;
				CLANG_ENABLE_OBJC_ARC = YES;
				CLANG_WARN_BOOL_CONVERSION = YES;
				CLANG_WARN_CONSTANT_CONVERSION = YES;
				CLANG_WARN_DIRECT_OBJC_ISA_USAGE = YES_ERROR;
				CLANG_WARN_EMPTY_BODY = YES;
				CLANG_WARN_ENUM_CONVERSION = YES;
				CLANG_WARN_INT_CONVERSION = YES;
				CLANG_WARN_OBJC_ROOT_CLASS = YES_ERROR;
				CLANG_WARN_UNREACHABLE_CODE = YES;
				CLANG_WARN__DUPLICATE_METHOD_MATCH = YES;
				CODE_SIGN_IDENTITY = "-";
				COPY_PHASE_STRIP = NO;
				DEBUG_INFORMATION_FORMAT = dwarf;
				ENABLE_STRICT_OBJC_MSGSEND = YES;
				ENABLE_TESTABILITY = YES;
				GCC_C_LANGUAGE_STANDARD = gnu99;
				GCC_DYNAMIC_NO_PIC = NO;
				GCC_NO_COMMON_BLOCKS = YES;
				GCC_OPTIMIZATION_LEVEL = 0;
				GCC_PREPROCESSOR_DEFINITIONS = (
					"DEBUG=1",
					"$(inherited)",
				);
				GCC_WARN_64_TO_32_BIT_CONVERSION = YES;
				GCC_WARN_ABOUT_RETURN_TYPE = YES_ERROR;
				GCC_WARN_UNDECLARED_SELECTOR = YES;
				GCC_WARN_UNINITIALIZED_AUTOS = YES_AGGRESSIVE;
				GCC_WARN_UNUSED_FUNCTION = YES;
				GCC_WARN_UNUSED_VARIABLE = YES;
				MACOSX_DEPLOYMENT_TARGET = 10.11;
				MTL_ENABLE_DEBUG_INFO = YES;
				ONLY_ACTIVE_ARCH = YES;
				SDKROOT = macosx;
			};
			name = Debug;
		};
		04E7AE1F1FBD71C50035A44A /* Release */ = {
			isa = XCBuildConfiguration;
			buildSettings = {
				ALWAYS_SEARCH_USER_PATHS = NO;
				CLANG_ANALYZER_NONNULL = YES;
				CLANG_CXX_LANGUAGE_STANDARD = "gnu++0x";
				CLANG_CXX_LIBRARY = "libc++";
				CLANG_ENABLE_MODULES = YES;
				CLANG_ENABLE_OBJC_ARC = YES;
				CLANG_WARN_BOOL_CONVERSION = YES;
				CLANG_WARN_CONSTANT_CONVERSION = YES;
				CLANG_WARN_DIRECT_OBJC_ISA_USAGE = YES_ERROR;
				CLANG_WARN_EMPTY_BODY = YES;
				CLANG_WARN_ENUM_CONVERSION = YES;
				CLANG_WARN_INT_CONVERSION = YES;
				CLANG_WARN_OBJC_ROOT_CLASS = YES_ERROR;
				CLANG_WARN_UNREACHABLE_CODE = YES;
				CLANG_WARN__DUPLICATE_METHOD_MATCH = YES;
				CODE_SIGN_IDENTITY = "-";
				COPY_PHASE_STRIP = NO;
				DEBUG_INFORMATION_FORMAT = "dwarf-with-dsym";
				ENABLE_NS_ASSERTIONS = NO;
				ENABLE_STRICT_OBJC_MSGSEND = YES;
				GCC_C_LANGUAGE_STANDARD = gnu99;
				GCC_NO_COMMON_BLOCKS = YES;
				GCC_WARN_64_TO_32_BIT_CONVERSION = YES;
				GCC_WARN_ABOUT_RETURN_TYPE = YES_ERROR;
				GCC_WARN_UNDECLARED_SELECTOR = YES;
				GCC_WARN_UNINITIALIZED_AUTOS = YES_AGGRESSIVE;
				GCC_WARN_UNUSED_FUNCTION = YES;
				GCC_WARN_UNUSED_VARIABLE = YES;
				MACOSX_DEPLOYMENT_TARGET = 10.11;
				MTL_ENABLE_DEBUG_INFO = NO;
				SDKROOT = macosx;
			};
			name = Release;
		};
		04E7AE211FBD71C50035A44A /* Debug */ = {
			isa = XCBuildConfiguration;
			buildSettings = {
				PRODUCT_NAME = "$(TARGET_NAME)";
			};
			name = Debug;
		};
		04E7AE221FBD71C50035A44A /* Release */ = {
			isa = XCBuildConfiguration;
			buildSettings = {
				PRODUCT_NAME = "$(TARGET_NAME)";
			};
			name = Release;
		};
/* End XCBuildConfiguration section */

/* Begin XCConfigurationList section */
		04E7AE141FBD71C50035A44A /* Build configuration list for PBXProject "04-DynamicInvoke" */ = {
			isa = XCConfigurationList;
			buildConfigurations = (
				04E7AE1E1FBD71C50035A44A /* Debug */,
				04E7AE1F1FBD71C50035A44A /* Release */,
			);
			defaultConfigurationIsVisible = 0;
			defaultConfigurationName = Release;
		};
		04E7AE201FBD71C50035A44A /* Build configuration list for PBXNativeTarget "04-DynamicInvoke" */ = {
			isa = XCConfigurationList;
			buildConfigurations = (
				04E7AE211FBD71C50035A44A /* Debug */,
				04E7AE221FBD71C50035A44A /* Release */,
			);
			defaultConfigurationIsVisible = 0;
			defaultConfigurationName = Release;
		};
/* End XCConfigurationList section */
	};
	rootObject = 04E7AE111FBD71C50035A44A /* Project object */;
}
