// !$*UTF8*$!
{
	archiveVersion = 1;
	classes = {
	};
	objectVersion = 46;
	objects = {

/* Begin PBXBuildFile section */
		04E1DBF11FBED2EE00D61AA2 /* main.m in Sources */ = {isa = PBXBuildFile; fileRef = 04E1DBF01FBED2EE00D61AA2 /* main.m */; };
		04E1DBF91FBED30500D61AA2 /* Person.m in Sources */ = {isa = PBXBuildFile; fileRef = 04E1DBF81FBED30500D61AA2 /* Person.m */; };
/* End PBXBuildFile section */

/* Begin PBXCopyFilesBuildPhase section */
		04E1DBEB1FBED2EE00D61AA2 /* CopyFiles */ = {
			isa = PBXCopyFilesBuildPhase;
			buildActionMask = 2147483647;
			dstPath = /usr/share/man/man1/;
			dstSubfolderSpec = 0;
			files = (
			);
			runOnlyForDeploymentPostprocessing = 1;
		};
/* End PBXCopyFilesBuildPhase section */

/* Begin PBXFileReference section */
		04E1DBED1FBED2EE00D61AA2 /* 12-MemoryMgt */ = {isa = PBXFileReference; explicitFileType = "compiled.mach-o.executable"; includeInIndex = 0; path = "12-MemoryMgt"; sourceTree = BUILT_PRODUCTS_DIR; };
		04E1DBF01FBED2EE00D61AA2 /* main.m */ = {isa = PBXFileReference; lastKnownFileType = sourcecode.c.objc; path = main.m; sourceTree = "<group>"; };
		04E1DBF71FBED30500D61AA2 /* Person.h */ = {isa = PBXFileReference; fileEncoding = 4; lastKnownFileType = sourcecode.c.h; path = Person.h; sourceTree = "<group>"; };
		04E1DBF81FBED30500D61AA2 /* Person.m */ = {isa = PBXFileReference; fileEncoding = 4; lastKnownFileType = sourcecode.c.objc; path = Person.m; sourceTree = "<group>"; };
/* End PBXFileReference section */

/* Begin PBXFrameworksBuildPhase section */
		04E1DBEA1FBED2EE00D61AA2 /* Frameworks */ = {
			isa = PBXFrameworksBuildPhase;
			buildActionMask = 2147483647;
			files = (
			);
			runOnlyForDeploymentPostprocessing = 0;
		};
/* End PBXFrameworksBuildPhase section */

/* Begin PBXGroup section */
		04E1DBE41FBED2EE00D61AA2 = {
			isa = PBXGroup;
			children = (
				04E1DBEF1FBED2EE00D61AA2 /* 12-MemoryMgt */,
				04E1DBEE1FBED2EE00D61AA2 /* Products */,
			);
			sourceTree = "<group>";
		};
		04E1DBEE1FBED2EE00D61AA2 /* Products */ = {
			isa = PBXGroup;
			children = (
				04E1DBED1FBED2EE00D61AA2 /* 12-MemoryMgt */,
			);
			name = Products;
			sourceTree = "<group>";
		};
		04E1DBEF1FBED2EE00D61AA2 /* 12-MemoryMgt */ = {
			isa = PBXGroup;
			children = (
				04E1DBF01FBED2EE00D61AA2 /* main.m */,
				04E1DBF71FBED30500D61AA2 /* Person.h */,
				04E1DBF81FBED30500D61AA2 /* Person.m */,
			);
			path = "12-MemoryMgt";
			sourceTree = "<group>";
		};
/* End PBXGroup section */

/* Begin PBXNativeTarget section */
		04E1DBEC1FBED2EE00D61AA2 /* 12-MemoryMgt */ = {
			isa = PBXNativeTarget;
			buildConfigurationList = 04E1DBF41FBED2EE00D61AA2 /* Build configuration list for PBXNativeTarget "12-MemoryMgt" */;
			buildPhases = (
				04E1DBE91FBED2EE00D61AA2 /* Sources */,
				04E1DBEA1FBED2EE00D61AA2 /* Frameworks */,
				04E1DBEB1FBED2EE00D61AA2 /* CopyFiles */,
			);
			buildRules = (
			);
			dependencies = (
			);
			name = "12-MemoryMgt";
			productName = "12-MemoryMgt";
			productReference = 04E1DBED1FBED2EE00D61AA2 /* 12-MemoryMgt */;
			productType = "com.apple.product-type.tool";
		};
/* End PBXNativeTarget section */

/* Begin PBXProject section */
		04E1DBE51FBED2EE00D61AA2 /* Project object */ = {
			isa = PBXProject;
			attributes = {
				LastUpgradeCheck = 0730;
				ORGANIZATIONNAME = jack;
				TargetAttributes = {
					04E1DBEC1FBED2EE00D61AA2 = {
						CreatedOnToolsVersion = 7.3.1;
					};
				};
			};
			buildConfigurationList = 04E1DBE81FBED2EE00D61AA2 /* Build configuration list for PBXProject "12-MemoryMgt" */;
			compatibilityVersion = "Xcode 3.2";
			developmentRegion = English;
			hasScannedForEncodings = 0;
			knownRegions = (
				en,
			);
			mainGroup = 04E1DBE41FBED2EE00D61AA2;
			productRefGroup = 04E1DBEE1FBED2EE00D61AA2 /* Products */;
			projectDirPath = "";
			projectRoot = "";
			targets = (
				04E1DBEC1FBED2EE00D61AA2 /* 12-MemoryMgt */,
			);
		};
/* End PBXProject section */

/* Begin PBXSourcesBuildPhase section */
		04E1DBE91FBED2EE00D61AA2 /* Sources */ = {
			isa = PBXSourcesBuildPhase;
			buildActionMask = 2147483647;
			files = (
				04E1DBF91FBED30500D61AA2 /* Person.m in Sources */,
				04E1DBF11FBED2EE00D61AA2 /* main.m in Sources */,
			);
			runOnlyForDeploymentPostprocessing = 0;
		};
/* End PBXSourcesBuildPhase section */

/* Begin XCBuildConfiguration section */
		04E1DBF21FBED2EE00D61AA2 /* Debug */ = {
			isa = XCBuildConfiguration;
			buildSettings = {
				ALWAYS_SEARCH_USER_PATHS = NO;
				CLANG_ANALYZER_NONNULL = YES;
				CLANG_CXX_LANGUAGE_STANDARD = "gnu++0x";
				CLANG_CXX_LIBRARY = "libc++";
				CLANG_ENABLE_MODULES = YES;
				CLANG_ENABLE_OBJC_ARC = NO;
				CLANG_WARN_BOOL_CONVERSION = YES;
				CLANG_WARN_CONSTANT_CONVERSION = YES;
				CLANG_WARN_DIRECT_OBJC_ISA_USAGE = YES_ERROR;
				CLANG_WARN_EMPTY_BODY = YES;
				CLANG_WARN_ENUM_CONVERSION = YES;
				CLANG_WARN_INT_CONVERSION = YES;
				CLANG_WARN_OBJC_ROOT_CLASS = YES_ERROR;
				CLANG_WARN_UNREACHABLE_CODE = YES;
				CLANG_WARN__DUPLICATE_METHOD_MATCH = YES;
				CODE_SIGN_IDENTITY = "-";
				COPY_PHASE_STRIP = NO;
				DEBUG_INFORMATION_FORMAT = dwarf;
				ENABLE_STRICT_OBJC_MSGSEND = YES;
				ENABLE_TESTABILITY = YES;
				GCC_C_LANGUAGE_STANDARD = gnu99;
				GCC_DYNAMIC_NO_PIC = NO;
				GCC_NO_COMMON_BLOCKS = YES;
				GCC_OPTIMIZATION_LEVEL = 0;
				GCC_PREPROCESSOR_DEFINITIONS = (
					"DEBUG=1",
					"$(inherited)",
				);
				GCC_WARN_64_TO_32_BIT_CONVERSION = YES;
				GCC_WARN_ABOUT_RETURN_TYPE = YES_ERROR;
				GCC_WARN_UNDECLARED_SELECTOR = YES;
				GCC_WARN_UNINITIALIZED_AUTOS = YES_AGGRESSIVE;
				GCC_WARN_UNUSED_FUNCTION = YES;
				GCC_WARN_UNUSED_VARIABLE = YES;
				MACOSX_DEPLOYMENT_TARGET = 10.11;
				MTL_ENABLE_DEBUG_INFO = YES;
				ONLY_ACTIVE_ARCH = YES;
				SDKROOT = macosx;
			};
			name = Debug;
		};
		04E1DBF31FBED2EE00D61AA2 /* Release */ = {
			isa = XCBuildConfiguration;
			buildSettings = {
				ALWAYS_SEARCH_USER_PATHS = NO;
				CLANG_ANALYZER_NONNULL = YES;
				CLANG_CXX_LANGUAGE_STANDARD = "gnu++0x";
				CLANG_CXX_LIBRARY = "libc++";
				CLANG_ENABLE_MODULES = YES;
				CLANG_ENABLE_OBJC_ARC = NO;
				CLANG_WARN_BOOL_CONVERSION = YES;
				CLANG_WARN_CONSTANT_CONVERSION = YES;
				CLANG_WARN_DIRECT_OBJC_ISA_USAGE = YES_ERROR;
				CLANG_WARN_EMPTY_BODY = YES;
				CLANG_WARN_ENUM_CONVERSION = YES;
				CLANG_WARN_INT_CONVERSION = YES;
				CLANG_WARN_OBJC_ROOT_CLASS = YES_ERROR;
				CLANG_WARN_UNREACHABLE_CODE = YES;
				CLANG_WARN__DUPLICATE_METHOD_MATCH = YES;
				CODE_SIGN_IDENTITY = "-";
				COPY_PHASE_STRIP = NO;
				DEBUG_INFORMATION_FORMAT = "dwarf-with-dsym";
				ENABLE_NS_ASSERTIONS = NO;
				ENABLE_STRICT_OBJC_MSGSEND = YES;
				GCC_C_LANGUAGE_STANDARD = gnu99;
				GCC_NO_COMMON_BLOCKS = YES;
				GCC_WARN_64_TO_32_BIT_CONVERSION = YES;
				GCC_WARN_ABOUT_RETURN_TYPE = YES_ERROR;
				GCC_WARN_UNDECLARED_SELECTOR = YES;
				GCC_WARN_UNINITIALIZED_AUTOS = YES_AGGRESSIVE;
				GCC_WARN_UNUSED_FUNCTION = YES;
				GCC_WARN_UNUSED_VARIABLE = YES;
				MACOSX_DEPLOYMENT_TARGET = 10.11;
				MTL_ENABLE_DEBUG_INFO = NO;
				SDKROOT = macosx;
			};
			name = Release;
		};
		04E1DBF51FBED2EE00D61AA2 /* Debug */ = {
			isa = XCBuildConfiguration;
			buildSettings = {
				PRODUCT_NAME = "$(TARGET_NAME)";
			};
			name = Debug;
		};
		04E1DBF61FBED2EE00D61AA2 /* Release */ = {
			isa = XCBuildConfiguration;
			buildSettings = {
				PRODUCT_NAME = "$(TARGET_NAME)";
			};
			name = Release;
		};
/* End XCBuildConfiguration section */

/* Begin XCConfigurationList section */
		04E1DBE81FBED2EE00D61AA2 /* Build configuration list for PBXProject "12-MemoryMgt" */ = {
			isa = XCConfigurationList;
			buildConfigurations = (
				04E1DBF21FBED2EE00D61AA2 /* Debug */,
				04E1DBF31FBED2EE00D61AA2 /* Release */,
			);
			defaultConfigurationIsVisible = 0;
			defaultConfigurationName = Release;
		};
		04E1DBF41FBED2EE00D61AA2 /* Build configuration list for PBXNativeTarget "12-MemoryMgt" */ = {
			isa = XCConfigurationList;
			buildConfigurations = (
				04E1DBF51FBED2EE00D61AA2 /* Debug */,
				04E1DBF61FBED2EE00D61AA2 /* Release */,
			);
			defaultConfigurationIsVisible = 0;
		};
/* End XCConfigurationList section */
	};
	rootObject = 04E1DBE51FBED2EE00D61AA2 /* Project object */;
}
