// !$*UTF8*$!
{
	archiveVersion = 1;
	classes = {
	};
	objectVersion = 46;
	objects = {

/* Begin PBXBuildFile section */
		04D947911FC147240037625C /* main.m in Sources */ = {isa = PBXBuildFile; fileRef = 04D947901FC147240037625C /* main.m */; };
		04D947991FC147300037625C /* Person.m in Sources */ = {isa = PBXBuildFile; fileRef = 04D947981FC147300037625C /* Person.m */; };
		04D9479C1FC1489C0037625C /* Room.m in Sources */ = {isa = PBXBuildFile; fileRef = 04D9479B1FC1489C0037625C /* Room.m */; };
		04D9479F1FC149160037625C /* Car.m in Sources */ = {isa = PBXBuildFile; fileRef = 04D9479E1FC149160037625C /* Car.m */; };
		04D947A21FC149260037625C /* Dog.m in Sources */ = {isa = PBXBuildFile; fileRef = 04D947A11FC149260037625C /* Dog.m */; };
/* End PBXBuildFile section */

/* Begin PBXCopyFilesBuildPhase section */
		04D9478B1FC147240037625C /* CopyFiles */ = {
			isa = PBXCopyFilesBuildPhase;
			buildActionMask = 2147483647;
			dstPath = /usr/share/man/man1/;
			dstSubfolderSpec = 0;
			files = (
			);
			runOnlyForDeploymentPostprocessing = 1;
		};
/* End PBXCopyFilesBuildPhase section */

/* Begin PBXFileReference section */
		04D9478D1FC147240037625C /* 15-Property */ = {isa = PBXFileReference; explicitFileType = "compiled.mach-o.executable"; includeInIndex = 0; path = "15-Property"; sourceTree = BUILT_PRODUCTS_DIR; };
		04D947901FC147240037625C /* main.m */ = {isa = PBXFileReference; lastKnownFileType = sourcecode.c.objc; path = main.m; sourceTree = "<group>"; };
		04D947971FC147300037625C /* Person.h */ = {isa = PBXFileReference; fileEncoding = 4; lastKnownFileType = sourcecode.c.h; name = Person.h; path = ../Person.h; sourceTree = "<group>"; };
		04D947981FC147300037625C /* Person.m */ = {isa = PBXFileReference; fileEncoding = 4; lastKnownFileType = sourcecode.c.objc; name = Person.m; path = ../Person.m; sourceTree = "<group>"; };
		04D9479A1FC1489C0037625C /* Room.h */ = {isa = PBXFileReference; fileEncoding = 4; lastKnownFileType = sourcecode.c.h; path = Room.h; sourceTree = "<group>"; };
		04D9479B1FC1489C0037625C /* Room.m */ = {isa = PBXFileReference; fileEncoding = 4; lastKnownFileType = sourcecode.c.objc; path = Room.m; sourceTree = "<group>"; };
		04D9479D1FC149160037625C /* Car.h */ = {isa = PBXFileReference; fileEncoding = 4; lastKnownFileType = sourcecode.c.h; path = Car.h; sourceTree = "<group>"; };
		04D9479E1FC149160037625C /* Car.m */ = {isa = PBXFileReference; fileEncoding = 4; lastKnownFileType = sourcecode.c.objc; path = Car.m; sourceTree = "<group>"; };
		04D947A01FC149260037625C /* Dog.h */ = {isa = PBXFileReference; fileEncoding = 4; lastKnownFileType = sourcecode.c.h; path = Dog.h; sourceTree = "<group>"; };
		04D947A11FC149260037625C /* Dog.m */ = {isa = PBXFileReference; fileEncoding = 4; lastKnownFileType = sourcecode.c.objc; path = Dog.m; sourceTree = "<group>"; };
/* End PBXFileReference section */

/* Begin PBXFrameworksBuildPhase section */
		04D9478A1FC147240037625C /* Frameworks */ = {
			isa = PBXFrameworksBuildPhase;
			buildActionMask = 2147483647;
			files = (
			);
			runOnlyForDeploymentPostprocessing = 0;
		};
/* End PBXFrameworksBuildPhase section */

/* Begin PBXGroup section */
		04D947841FC147240037625C = {
			isa = PBXGroup;
			children = (
				04D9478F1FC147240037625C /* 15-Property */,
				04D9478E1FC147240037625C /* Products */,
			);
			sourceTree = "<group>";
		};
		04D9478E1FC147240037625C /* Products */ = {
			isa = PBXGroup;
			children = (
				04D9478D1FC147240037625C /* 15-Property */,
			);
			name = Products;
			sourceTree = "<group>";
		};
		04D9478F1FC147240037625C /* 15-Property */ = {
			isa = PBXGroup;
			children = (
				04D947901FC147240037625C /* main.m */,
				04D947971FC147300037625C /* Person.h */,
				04D947981FC147300037625C /* Person.m */,
				04D9479A1FC1489C0037625C /* Room.h */,
				04D9479B1FC1489C0037625C /* Room.m */,
				04D9479D1FC149160037625C /* Car.h */,
				04D9479E1FC149160037625C /* Car.m */,
				04D947A01FC149260037625C /* Dog.h */,
				04D947A11FC149260037625C /* Dog.m */,
			);
			path = "15-Property";
			sourceTree = "<group>";
		};
/* End PBXGroup section */

/* Begin PBXNativeTarget section */
		04D9478C1FC147240037625C /* 15-Property */ = {
			isa = PBXNativeTarget;
			buildConfigurationList = 04D947941FC147240037625C /* Build configuration list for PBXNativeTarget "15-Property" */;
			buildPhases = (
				04D947891FC147240037625C /* Sources */,
				04D9478A1FC147240037625C /* Frameworks */,
				04D9478B1FC147240037625C /* CopyFiles */,
			);
			buildRules = (
			);
			dependencies = (
			);
			name = "15-Property";
			productName = "15-Property";
			productReference = 04D9478D1FC147240037625C /* 15-Property */;
			productType = "com.apple.product-type.tool";
		};
/* End PBXNativeTarget section */

/* Begin PBXProject section */
		04D947851FC147240037625C /* Project object */ = {
			isa = PBXProject;
			attributes = {
				LastUpgradeCheck = 0730;
				ORGANIZATIONNAME = jack;
				TargetAttributes = {
					04D9478C1FC147240037625C = {
						CreatedOnToolsVersion = 7.3.1;
					};
				};
			};
			buildConfigurationList = 04D947881FC147240037625C /* Build configuration list for PBXProject "15-Property" */;
			compatibilityVersion = "Xcode 3.2";
			developmentRegion = English;
			hasScannedForEncodings = 0;
			knownRegions = (
				en,
			);
			mainGroup = 04D947841FC147240037625C;
			productRefGroup = 04D9478E1FC147240037625C /* Products */;
			projectDirPath = "";
			projectRoot = "";
			targets = (
				04D9478C1FC147240037625C /* 15-Property */,
			);
		};
/* End PBXProject section */

/* Begin PBXSourcesBuildPhase section */
		04D947891FC147240037625C /* Sources */ = {
			isa = PBXSourcesBuildPhase;
			buildActionMask = 2147483647;
			files = (
				04D9479C1FC1489C0037625C /* Room.m in Sources */,
				04D947991FC147300037625C /* Person.m in Sources */,
				04D947A21FC149260037625C /* Dog.m in Sources */,
				04D9479F1FC149160037625C /* Car.m in Sources */,
				04D947911FC147240037625C /* main.m in Sources */,
			);
			runOnlyForDeploymentPostprocessing = 0;
		};
/* End PBXSourcesBuildPhase section */

/* Begin XCBuildConfiguration section */
		04D947921FC147240037625C /* Debug */ = {
			isa = XCBuildConfiguration;
			buildSettings = {
				ALWAYS_SEARCH_USER_PATHS = NO;
				CLANG_ANALYZER_NONNULL = YES;
				CLANG_CXX_LANGUAGE_STANDARD = "gnu++0x";
				CLANG_CXX_LIBRARY = "libc++";
				CLANG_ENABLE_MODULES = YES;
				CLANG_ENABLE_OBJC_ARC = NO;
				CLANG_WARN_BOOL_CONVERSION = YES;
				CLANG_WARN_CONSTANT_CONVERSION = YES;
				CLANG_WARN_DIRECT_OBJC_ISA_USAGE = YES_ERROR;
				CLANG_WARN_EMPTY_BODY = YES;
				CLANG_WARN_ENUM_CONVERSION = YES;
				CLANG_WARN_INT_CONVERSION = YES;
				CLANG_WARN_OBJC_ROOT_CLASS = YES_ERROR;
				CLANG_WARN_UNREACHABLE_CODE = YES;
				CLANG_WARN__DUPLICATE_METHOD_MATCH = YES;
				CODE_SIGN_IDENTITY = "-";
				COPY_PHASE_STRIP = NO;
				DEBUG_INFORMATION_FORMAT = dwarf;
				ENABLE_STRICT_OBJC_MSGSEND = YES;
				ENABLE_TESTABILITY = YES;
				GCC_C_LANGUAGE_STANDARD = gnu99;
				GCC_DYNAMIC_NO_PIC = NO;
				GCC_NO_COMMON_BLOCKS = YES;
				GCC_OPTIMIZATION_LEVEL = 0;
				GCC_PREPROCESSOR_DEFINITIONS = (
					"DEBUG=1",
					"$(inherited)",
				);
				GCC_WARN_64_TO_32_BIT_CONVERSION = YES;
				GCC_WARN_ABOUT_RETURN_TYPE = YES_ERROR;
				GCC_WARN_UNDECLARED_SELECTOR = YES;
				GCC_WARN_UNINITIALIZED_AUTOS = YES_AGGRESSIVE;
				GCC_WARN_UNUSED_FUNCTION = YES;
				GCC_WARN_UNUSED_VARIABLE = YES;
				MACOSX_DEPLOYMENT_TARGET = 10.11;
				MTL_ENABLE_DEBUG_INFO = YES;
				ONLY_ACTIVE_ARCH = YES;
				SDKROOT = macosx;
			};
			name = Debug;
		};
		04D947931FC147240037625C /* Release */ = {
			isa = XCBuildConfiguration;
			buildSettings = {
				ALWAYS_SEARCH_USER_PATHS = NO;
				CLANG_ANALYZER_NONNULL = YES;
				CLANG_CXX_LANGUAGE_STANDARD = "gnu++0x";
				CLANG_CXX_LIBRARY = "libc++";
				CLANG_ENABLE_MODULES = YES;
				CLANG_ENABLE_OBJC_ARC = NO;
				CLANG_WARN_BOOL_CONVERSION = YES;
				CLANG_WARN_CONSTANT_CONVERSION = YES;
				CLANG_WARN_DIRECT_OBJC_ISA_USAGE = YES_ERROR;
				CLANG_WARN_EMPTY_BODY = YES;
				CLANG_WARN_ENUM_CONVERSION = YES;
				CLANG_WARN_INT_CONVERSION = YES;
				CLANG_WARN_OBJC_ROOT_CLASS = YES_ERROR;
				CLANG_WARN_UNREACHABLE_CODE = YES;
				CLANG_WARN__DUPLICATE_METHOD_MATCH = YES;
				CODE_SIGN_IDENTITY = "-";
				COPY_PHASE_STRIP = NO;
				DEBUG_INFORMATION_FORMAT = "dwarf-with-dsym";
				ENABLE_NS_ASSERTIONS = NO;
				ENABLE_STRICT_OBJC_MSGSEND = YES;
				GCC_C_LANGUAGE_STANDARD = gnu99;
				GCC_NO_COMMON_BLOCKS = YES;
				GCC_WARN_64_TO_32_BIT_CONVERSION = YES;
				GCC_WARN_ABOUT_RETURN_TYPE = YES_ERROR;
				GCC_WARN_UNDECLARED_SELECTOR = YES;
				GCC_WARN_UNINITIALIZED_AUTOS = YES_AGGRESSIVE;
				GCC_WARN_UNUSED_FUNCTION = YES;
				GCC_WARN_UNUSED_VARIABLE = YES;
				MACOSX_DEPLOYMENT_TARGET = 10.11;
				MTL_ENABLE_DEBUG_INFO = NO;
				SDKROOT = macosx;
			};
			name = Release;
		};
		04D947951FC147240037625C /* Debug */ = {
			isa = XCBuildConfiguration;
			buildSettings = {
				PRODUCT_NAME = "$(TARGET_NAME)";
			};
			name = Debug;
		};
		04D947961FC147240037625C /* Release */ = {
			isa = XCBuildConfiguration;
			buildSettings = {
				PRODUCT_NAME = "$(TARGET_NAME)";
			};
			name = Release;
		};
/* End XCBuildConfiguration section */

/* Begin XCConfigurationList section */
		04D947881FC147240037625C /* Build configuration list for PBXProject "15-Property" */ = {
			isa = XCConfigurationList;
			buildConfigurations = (
				04D947921FC147240037625C /* Debug */,
				04D947931FC147240037625C /* Release */,
			);
			defaultConfigurationIsVisible = 0;
			defaultConfigurationName = Release;
		};
		04D947941FC147240037625C /* Build configuration list for PBXNativeTarget "15-Property" */ = {
			isa = XCConfigurationList;
			buildConfigurations = (
				04D947951FC147240037625C /* Debug */,
				04D947961FC147240037625C /* Release */,
			);
			defaultConfigurationIsVisible = 0;
		};
/* End XCConfigurationList section */
	};
	rootObject = 04D947851FC147240037625C /* Project object */;
}
